// !$*UTF8*$!
{
	archiveVersion = 1;
	classes = {
	};
	objectVersion = 50;
	objects = {

/* Begin PBXBuildFile section */
		3206160D249DCC5B0047B17D /* AppDelegate.m in Sources */ = {isa = PBXBuildFile; fileRef = 3206160C249DCC5B0047B17D /* AppDelegate.m */; };
		32061610249DCC5B0047B17D /* SceneDelegate.m in Sources */ = {isa = PBXBuildFile; fileRef = 3206160F249DCC5B0047B17D /* SceneDelegate.m */; };
		32061613249DCC5B0047B17D /* ViewController.m in Sources */ = {isa = PBXBuildFile; fileRef = 32061612249DCC5B0047B17D /* ViewController.m */; };
		32061616249DCC5B0047B17D /* Main.storyboard in Resources */ = {isa = PBXBuildFile; fileRef = 32061614249DCC5B0047B17D /* Main.storyboard */; };
		32061618249DCC600047B17D /* Assets.xcassets in Resources */ = {isa = PBXBuildFile; fileRef = 32061617249DCC600047B17D /* Assets.xcassets */; };
		3206161B249DCC600047B17D /* LaunchScreen.storyboard in Resources */ = {isa = PBXBuildFile; fileRef = 32061619249DCC600047B17D /* LaunchScreen.storyboard */; };
		3206161E249DCC600047B17D /* main.m in Sources */ = {isa = PBXBuildFile; fileRef = 3206161D249DCC600047B17D /* main.m */; };
		32061626249DCCDD0047B17D /* ViewController_CH2_1.m in Sources */ = {isa = PBXBuildFile; fileRef = 32061625249DCCDD0047B17D /* ViewController_CH2_1.m */; };
		3206162D249DD32E0047B17D /* OpenGLES.framework in Frameworks */ = {isa = PBXBuildFile; fileRef = 3206162C249DD32E0047B17D /* OpenGLES.framework */; };
		3206162F249DD3340047B17D /* QuartzCore.framework in Frameworks */ = {isa = PBXBuildFile; fileRef = 3206162E249DD3340047B17D /* QuartzCore.framework */; };
		32061631249DD33A0047B17D /* GLKit.framework in Frameworks */ = {isa = PBXBuildFile; fileRef = 32061630249DD33A0047B17D /* GLKit.framework */; };
		32061633249DD3490047B17D /* CoreGraphics.framework in Frameworks */ = {isa = PBXBuildFile; fileRef = 32061632249DD3490047B17D /* CoreGraphics.framework */; };
		32061636249DD5680047B17D /* GLKViewController+BtnBack.m in Sources */ = {isa = PBXBuildFile; fileRef = 32061635249DD5680047B17D /* GLKViewController+BtnBack.m */; };
		3225CB9724A0EFFC00FB2018 /* ViewController_CH3_1.m in Sources */ = {isa = PBXBuildFile; fileRef = 3225CB9624A0EFFC00FB2018 /* ViewController_CH3_1.m */; };
		3225CB9924A0F27900FB2018 /* img1-1.png in Resources */ = {isa = PBXBuildFile; fileRef = 3225CB9824A0F27900FB2018 /* img1-1.png */; };
		324C8F1524A354B6008F9BDD /* AGLKVertexAttribArrayBuffer.m in Sources */ = {isa = PBXBuildFile; fileRef = 324C8F1424A354B6008F9BDD /* AGLKVertexAttribArrayBuffer.m */; };

		326B262024AAC67A000781FB /* ViewController_CH6_1.m in Sources */ = {isa = PBXBuildFile; fileRef = 326B261F24AAC67A000781FB /* ViewController_CH6_1.m */; };
		326B262324AAC786000781FB /* SceneCar.m in Sources */ = {isa = PBXBuildFile; fileRef = 326B262224AAC786000781FB /* SceneCar.m */; };
		326B262924AAC7F8000781FB /* SceneModel.m in Sources */ = {isa = PBXBuildFile; fileRef = 326B262824AAC7F8000781FB /* SceneModel.m */; };
		326B262C24AAC8C0000781FB /* SceneMesh.m in Sources */ = {isa = PBXBuildFile; fileRef = 326B262B24AAC8C0000781FB /* SceneMesh.m */; };
		327DD1E724AB7F3300486529 /* ViewController_GLSL.m in Sources */ = {isa = PBXBuildFile; fileRef = 327DD1E624AB7F3300486529 /* ViewController_GLSL.m */; };

		3283CF4424A4B992008BA71B /* ViewController_CH2_3.m in Sources */ = {isa = PBXBuildFile; fileRef = 3283CF4324A4B992008BA71B /* ViewController_CH2_3.m */; };
		328D41BE24A74C3400240396 /* ViewController_CH3_3.m in Sources */ = {isa = PBXBuildFile; fileRef = 328D41BD24A74C3400240396 /* ViewController_CH3_3.m */; };
		328D41C524A7624A00240396 /* ViewController_CH4_1.m in Sources */ = {isa = PBXBuildFile; fileRef = 328D41C424A7624A00240396 /* ViewController_CH4_1.m */; };
		3299ACF524A58E3B003FB104 /* ViewController_CH2_Practice.m in Sources */ = {isa = PBXBuildFile; fileRef = 3299ACF424A58E3B003FB104 /* ViewController_CH2_Practice.m */; };
		3299ACFA24A5B796003FB104 /* AGLKTextureLoader.m in Sources */ = {isa = PBXBuildFile; fileRef = 3299ACF924A5B796003FB104 /* AGLKTextureLoader.m */; };
		3299ACFD24A63AF4003FB104 /* ViewController_CH3_2.m in Sources */ = {isa = PBXBuildFile; fileRef = 3299ACFC24A63AF4003FB104 /* ViewController_CH3_2.m */; };
		32A78DEB24A30788008D937C /* AGLKContext.m in Sources */ = {isa = PBXBuildFile; fileRef = 32A78DEA24A30788008D937C /* AGLKContext.m */; };
		32BBBB3C24A98AC2001047D7 /* ViewController_CH5_1.m in Sources */ = {isa = PBXBuildFile; fileRef = 32BBBB3B24A98AC2001047D7 /* ViewController_CH5_1.m */; };
		32BBBB3E24A98AC9001047D7 /* Earth512x256.jpg in Resources */ = {isa = PBXBuildFile; fileRef = 32BBBB3D24A98AC9001047D7 /* Earth512x256.jpg */; };
		32BBBB4424A99EBF001047D7 /* ViewController_CH5_4.m in Sources */ = {isa = PBXBuildFile; fileRef = 32BBBB4324A99EBF001047D7 /* ViewController_CH5_4.m */; };
/* End PBXBuildFile section */

/* Begin PBXFileReference section */
		32061608249DCC5B0047B17D /* Learning-OpenGLES.app */ = {isa = PBXFileReference; explicitFileType = wrapper.application; includeInIndex = 0; path = "Learning-OpenGLES.app"; sourceTree = BUILT_PRODUCTS_DIR; };
		3206160B249DCC5B0047B17D /* AppDelegate.h */ = {isa = PBXFileReference; lastKnownFileType = sourcecode.c.h; path = AppDelegate.h; sourceTree = "<group>"; };
		3206160C249DCC5B0047B17D /* AppDelegate.m */ = {isa = PBXFileReference; lastKnownFileType = sourcecode.c.objc; path = AppDelegate.m; sourceTree = "<group>"; };
		3206160E249DCC5B0047B17D /* SceneDelegate.h */ = {isa = PBXFileReference; lastKnownFileType = sourcecode.c.h; path = SceneDelegate.h; sourceTree = "<group>"; };
		3206160F249DCC5B0047B17D /* SceneDelegate.m */ = {isa = PBXFileReference; lastKnownFileType = sourcecode.c.objc; path = SceneDelegate.m; sourceTree = "<group>"; };
		32061611249DCC5B0047B17D /* ViewController.h */ = {isa = PBXFileReference; lastKnownFileType = sourcecode.c.h; path = ViewController.h; sourceTree = "<group>"; };
		32061612249DCC5B0047B17D /* ViewController.m */ = {isa = PBXFileReference; lastKnownFileType = sourcecode.c.objc; path = ViewController.m; sourceTree = "<group>"; };
		32061615249DCC5B0047B17D /* Base */ = {isa = PBXFileReference; lastKnownFileType = file.storyboard; name = Base; path = Base.lproj/Main.storyboard; sourceTree = "<group>"; };
		32061617249DCC600047B17D /* Assets.xcassets */ = {isa = PBXFileReference; lastKnownFileType = folder.assetcatalog; path = Assets.xcassets; sourceTree = "<group>"; };
		3206161A249DCC600047B17D /* Base */ = {isa = PBXFileReference; lastKnownFileType = file.storyboard; name = Base; path = Base.lproj/LaunchScreen.storyboard; sourceTree = "<group>"; };
		3206161C249DCC600047B17D /* Info.plist */ = {isa = PBXFileReference; lastKnownFileType = text.plist.xml; path = Info.plist; sourceTree = "<group>"; };
		3206161D249DCC600047B17D /* main.m */ = {isa = PBXFileReference; lastKnownFileType = sourcecode.c.objc; path = main.m; sourceTree = "<group>"; };
		32061624249DCCDD0047B17D /* ViewController_CH2_1.h */ = {isa = PBXFileReference; lastKnownFileType = sourcecode.c.h; path = ViewController_CH2_1.h; sourceTree = "<group>"; };
		32061625249DCCDD0047B17D /* ViewController_CH2_1.m */ = {isa = PBXFileReference; lastKnownFileType = sourcecode.c.objc; path = ViewController_CH2_1.m; sourceTree = "<group>"; };
		3206162C249DD32E0047B17D /* OpenGLES.framework */ = {isa = PBXFileReference; lastKnownFileType = wrapper.framework; name = OpenGLES.framework; path = System/Library/Frameworks/OpenGLES.framework; sourceTree = SDKROOT; };
		3206162E249DD3340047B17D /* QuartzCore.framework */ = {isa = PBXFileReference; lastKnownFileType = wrapper.framework; name = QuartzCore.framework; path = System/Library/Frameworks/QuartzCore.framework; sourceTree = SDKROOT; };
		32061630249DD33A0047B17D /* GLKit.framework */ = {isa = PBXFileReference; lastKnownFileType = wrapper.framework; name = GLKit.framework; path = System/Library/Frameworks/GLKit.framework; sourceTree = SDKROOT; };
		32061632249DD3490047B17D /* CoreGraphics.framework */ = {isa = PBXFileReference; lastKnownFileType = wrapper.framework; name = CoreGraphics.framework; path = System/Library/Frameworks/CoreGraphics.framework; sourceTree = SDKROOT; };
		32061634249DD5680047B17D /* GLKViewController+BtnBack.h */ = {isa = PBXFileReference; lastKnownFileType = sourcecode.c.h; path = "GLKViewController+BtnBack.h"; sourceTree = "<group>"; };
		32061635249DD5680047B17D /* GLKViewController+BtnBack.m */ = {isa = PBXFileReference; lastKnownFileType = sourcecode.c.objc; path = "GLKViewController+BtnBack.m"; sourceTree = "<group>"; };
		3225CB9524A0EFFC00FB2018 /* ViewController_CH3_1.h */ = {isa = PBXFileReference; lastKnownFileType = sourcecode.c.h; path = ViewController_CH3_1.h; sourceTree = "<group>"; };
		3225CB9624A0EFFC00FB2018 /* ViewController_CH3_1.m */ = {isa = PBXFileReference; lastKnownFileType = sourcecode.c.objc; path = ViewController_CH3_1.m; sourceTree = "<group>"; };
		3225CB9824A0F27900FB2018 /* img1-1.png */ = {isa = PBXFileReference; lastKnownFileType = image.png; path = "img1-1.png"; sourceTree = "<group>"; };
		324C8F1324A354B6008F9BDD /* AGLKVertexAttribArrayBuffer.h */ = {isa = PBXFileReference; lastKnownFileType = sourcecode.c.h; path = AGLKVertexAttribArrayBuffer.h; sourceTree = "<group>"; };
		324C8F1424A354B6008F9BDD /* AGLKVertexAttribArrayBuffer.m */ = {isa = PBXFileReference; lastKnownFileType = sourcecode.c.objc; path = AGLKVertexAttribArrayBuffer.m; sourceTree = "<group>"; };
		326B261E24AAC67A000781FB /* ViewController_CH6_1.h */ = {isa = PBXFileReference; lastKnownFileType = sourcecode.c.h; path = ViewController_CH6_1.h; sourceTree = "<group>"; };
		326B261F24AAC67A000781FB /* ViewController_CH6_1.m */ = {isa = PBXFileReference; lastKnownFileType = sourcecode.c.objc; path = ViewController_CH6_1.m; sourceTree = "<group>"; };
		326B262124AAC786000781FB /* SceneCar.h */ = {isa = PBXFileReference; lastKnownFileType = sourcecode.c.h; path = SceneCar.h; sourceTree = "<group>"; };
		326B262224AAC786000781FB /* SceneCar.m */ = {isa = PBXFileReference; lastKnownFileType = sourcecode.c.objc; path = SceneCar.m; sourceTree = "<group>"; };
		326B262724AAC7F8000781FB /* SceneModel.h */ = {isa = PBXFileReference; lastKnownFileType = sourcecode.c.h; path = SceneModel.h; sourceTree = "<group>"; };
		326B262824AAC7F8000781FB /* SceneModel.m */ = {isa = PBXFileReference; lastKnownFileType = sourcecode.c.objc; path = SceneModel.m; sourceTree = "<group>"; };
		326B262A24AAC8C0000781FB /* SceneMesh.h */ = {isa = PBXFileReference; lastKnownFileType = sourcecode.c.h; path = SceneMesh.h; sourceTree = "<group>"; };
		326B262B24AAC8C0000781FB /* SceneMesh.m */ = {isa = PBXFileReference; lastKnownFileType = sourcecode.c.objc; path = SceneMesh.m; sourceTree = "<group>"; };
		327DD1E524AB7F3300486529 /* ViewController_GLSL.h */ = {isa = PBXFileReference; lastKnownFileType = sourcecode.c.h; path = ViewController_GLSL.h; sourceTree = "<group>"; };
		327DD1E624AB7F3300486529 /* ViewController_GLSL.m */ = {isa = PBXFileReference; lastKnownFileType = sourcecode.c.objc; path = ViewController_GLSL.m; sourceTree = "<group>"; };
		3283CF4224A4B992008BA71B /* ViewController_CH2_3.h */ = {isa = PBXFileReference; lastKnownFileType = sourcecode.c.h; path = ViewController_CH2_3.h; sourceTree = "<group>"; };
		3283CF4324A4B992008BA71B /* ViewController_CH2_3.m */ = {isa = PBXFileReference; lastKnownFileType = sourcecode.c.objc; path = ViewController_CH2_3.m; sourceTree = "<group>"; };
		328D41BC24A74C3400240396 /* ViewController_CH3_3.h */ = {isa = PBXFileReference; lastKnownFileType = sourcecode.c.h; path = ViewController_CH3_3.h; sourceTree = "<group>"; };
		328D41BD24A74C3400240396 /* ViewController_CH3_3.m */ = {isa = PBXFileReference; lastKnownFileType = sourcecode.c.objc; path = ViewController_CH3_3.m; sourceTree = "<group>"; };
		328D41C324A7624A00240396 /* ViewController_CH4_1.h */ = {isa = PBXFileReference; lastKnownFileType = sourcecode.c.h; path = ViewController_CH4_1.h; sourceTree = "<group>"; };
		328D41C424A7624A00240396 /* ViewController_CH4_1.m */ = {isa = PBXFileReference; lastKnownFileType = sourcecode.c.objc; path = ViewController_CH4_1.m; sourceTree = "<group>"; };
		3299ACF324A58E3B003FB104 /* ViewController_CH2_Practice.h */ = {isa = PBXFileReference; lastKnownFileType = sourcecode.c.h; path = ViewController_CH2_Practice.h; sourceTree = "<group>"; };
		3299ACF424A58E3B003FB104 /* ViewController_CH2_Practice.m */ = {isa = PBXFileReference; lastKnownFileType = sourcecode.c.objc; path = ViewController_CH2_Practice.m; sourceTree = "<group>"; };
		3299ACF824A5B796003FB104 /* AGLKTextureLoader.h */ = {isa = PBXFileReference; lastKnownFileType = sourcecode.c.h; path = AGLKTextureLoader.h; sourceTree = "<group>"; };
		3299ACF924A5B796003FB104 /* AGLKTextureLoader.m */ = {isa = PBXFileReference; lastKnownFileType = sourcecode.c.objc; path = AGLKTextureLoader.m; sourceTree = "<group>"; };
		3299ACFB24A63AF4003FB104 /* ViewController_CH3_2.h */ = {isa = PBXFileReference; lastKnownFileType = sourcecode.c.h; path = ViewController_CH3_2.h; sourceTree = "<group>"; };
		3299ACFC24A63AF4003FB104 /* ViewController_CH3_2.m */ = {isa = PBXFileReference; lastKnownFileType = sourcecode.c.objc; path = ViewController_CH3_2.m; sourceTree = "<group>"; };
		32A78DE924A30788008D937C /* AGLKContext.h */ = {isa = PBXFileReference; lastKnownFileType = sourcecode.c.h; path = AGLKContext.h; sourceTree = "<group>"; };
		32A78DEA24A30788008D937C /* AGLKContext.m */ = {isa = PBXFileReference; lastKnownFileType = sourcecode.c.objc; path = AGLKContext.m; sourceTree = "<group>"; };
		32BBBB3A24A98AC2001047D7 /* ViewController_CH5_1.h */ = {isa = PBXFileReference; lastKnownFileType = sourcecode.c.h; path = ViewController_CH5_1.h; sourceTree = "<group>"; };
		32BBBB3B24A98AC2001047D7 /* ViewController_CH5_1.m */ = {isa = PBXFileReference; lastKnownFileType = sourcecode.c.objc; path = ViewController_CH5_1.m; sourceTree = "<group>"; };
		32BBBB3D24A98AC9001047D7 /* Earth512x256.jpg */ = {isa = PBXFileReference; lastKnownFileType = image.jpeg; path = Earth512x256.jpg; sourceTree = "<group>"; };
		32BBBB3F24A98AD2001047D7 /* sphere.h */ = {isa = PBXFileReference; lastKnownFileType = sourcecode.c.h; path = sphere.h; sourceTree = "<group>"; };
		32BBBB4224A99EBE001047D7 /* ViewController_CH5_4.h */ = {isa = PBXFileReference; lastKnownFileType = sourcecode.c.h; path = ViewController_CH5_4.h; sourceTree = "<group>"; };
		32BBBB4324A99EBF001047D7 /* ViewController_CH5_4.m */ = {isa = PBXFileReference; lastKnownFileType = sourcecode.c.objc; path = ViewController_CH5_4.m; sourceTree = "<group>"; };
		32BBBB4524A99ED5001047D7 /* lowPolyAxesAndModels2.h */ = {isa = PBXFileReference; lastKnownFileType = sourcecode.c.h; path = lowPolyAxesAndModels2.h; sourceTree = "<group>"; };
/* End PBXFileReference section */

/* Begin PBXFrameworksBuildPhase section */
		32061605249DCC5B0047B17D /* Frameworks */ = {
			isa = PBXFrameworksBuildPhase;
			buildActionMask = 2147483647;
			files = (
				32061633249DD3490047B17D /* CoreGraphics.framework in Frameworks */,
				32061631249DD33A0047B17D /* GLKit.framework in Frameworks */,
				3206162F249DD3340047B17D /* QuartzCore.framework in Frameworks */,
				3206162D249DD32E0047B17D /* OpenGLES.framework in Frameworks */,
			);
			runOnlyForDeploymentPostprocessing = 0;
		};
/* End PBXFrameworksBuildPhase section */

/* Begin PBXGroup section */
		320615FF249DCC5B0047B17D = {
			isa = PBXGroup;
			children = (
				3206160A249DCC5B0047B17D /* Learning-OpenGLES */,
				32061609249DCC5B0047B17D /* Products */,
				3206162B249DD32D0047B17D /* Frameworks */,
			);
			sourceTree = "<group>";
		};
		32061609249DCC5B0047B17D /* Products */ = {
			isa = PBXGroup;
			children = (
				32061608249DCC5B0047B17D /* Learning-OpenGLES.app */,
			);
			name = Products;
			sourceTree = "<group>";
		};
		3206160A249DCC5B0047B17D /* Learning-OpenGLES */ = {
			isa = PBXGroup;
			children = (
				3206160B249DCC5B0047B17D /* AppDelegate.h */,
				3206160C249DCC5B0047B17D /* AppDelegate.m */,
				3225CB9824A0F27900FB2018 /* img1-1.png */,
				3206160E249DCC5B0047B17D /* SceneDelegate.h */,
				3206160F249DCC5B0047B17D /* SceneDelegate.m */,
				32061611249DCC5B0047B17D /* ViewController.h */,
				32061612249DCC5B0047B17D /* ViewController.m */,
				32061634249DD5680047B17D /* GLKViewController+BtnBack.h */,
				32061635249DD5680047B17D /* GLKViewController+BtnBack.m */,
				327DD1E424AB7F2300486529 /* Test */,
				32061627249DCCEE0047B17D /* Chapter2 */,
				3225CB92249FA7DF00FB2018 /* Chapter3 */,
				328D41BF24A7620C00240396 /* Chapter4 */,
				32BBBB3924A98A93001047D7 /* Chapter5 */,
				32BBBB3824A98A8D001047D7 /* Chapter6 */,
				32BBBB3724A98A75001047D7 /* Chapter7 */,
				32061614249DCC5B0047B17D /* Main.storyboard */,
				32061617249DCC600047B17D /* Assets.xcassets */,
				32061619249DCC600047B17D /* LaunchScreen.storyboard */,
				3206161C249DCC600047B17D /* Info.plist */,
				3206161D249DCC600047B17D /* main.m */,
			);
			path = "Learning-OpenGLES";
			sourceTree = "<group>";
		};
		32061627249DCCEE0047B17D /* Chapter2 */ = {
			isa = PBXGroup;
			children = (
				32A78DE724A306F6008D937C /* 2-1 */,
				32A78DE824A30704008D937C /* 2-3 */,
				3299ACF224A4F2BD003FB104 /* 2-练习：画一个正方形并贴图 */,
			);
			path = Chapter2;
			sourceTree = "<group>";
		};
		3206162B249DD32D0047B17D /* Frameworks */ = {
			isa = PBXGroup;
			children = (
				32061632249DD3490047B17D /* CoreGraphics.framework */,
				32061630249DD33A0047B17D /* GLKit.framework */,
				3206162E249DD3340047B17D /* QuartzCore.framework */,
				3206162C249DD32E0047B17D /* OpenGLES.framework */,
			);
			name = Frameworks;
			sourceTree = "<group>";
		};
		3225CB92249FA7DF00FB2018 /* Chapter3 */ = {
			isa = PBXGroup;
			children = (
				3299ACF624A5AD0A003FB104 /* 3-1 */,
				3299ACF724A5AD23003FB104 /* 3-2 */,
				328D41B824A74BFC00240396 /* 3-3 */,
				328D41B924A74C0300240396 /* 3-4 */,
				328D41BA24A74C0800240396 /* 3-5 */,
				328D41BB24A74C0D00240396 /* 3-6 */,
			);
			path = Chapter3;
			sourceTree = "<group>";
		};
		327DD1E424AB7F2300486529 /* Test */ = {
			isa = PBXGroup;
			children = (
				327DD1E524AB7F3300486529 /* ViewController_GLSL.h */,
				327DD1E624AB7F3300486529 /* ViewController_GLSL.m */,
			);
			path = Test;
			sourceTree = "<group>";
		};
		328D41B824A74BFC00240396 /* 3-3 */ = {
			isa = PBXGroup;
			children = (
				328D41BC24A74C3400240396 /* ViewController_CH3_3.h */,
				328D41BD24A74C3400240396 /* ViewController_CH3_3.m */,
			);
			path = "3-3";
			sourceTree = "<group>";
		};
		328D41B924A74C0300240396 /* 3-4 */ = {
			isa = PBXGroup;
			children = (
			);
			path = "3-4";
			sourceTree = "<group>";
		};
		328D41BA24A74C0800240396 /* 3-5 */ = {
			isa = PBXGroup;
			children = (
			);
			path = "3-5";
			sourceTree = "<group>";
		};
		328D41BB24A74C0D00240396 /* 3-6 */ = {
			isa = PBXGroup;
			children = (
			);
			path = "3-6";
			sourceTree = "<group>";
		};
		328D41BF24A7620C00240396 /* Chapter4 */ = {
			isa = PBXGroup;
			children = (
				328D41C324A7624A00240396 /* ViewController_CH4_1.h */,
				328D41C424A7624A00240396 /* ViewController_CH4_1.m */,
			);
			path = Chapter4;
			sourceTree = "<group>";
		};
		3299ACF224A4F2BD003FB104 /* 2-练习：画一个正方形并贴图 */ = {
			isa = PBXGroup;
			children = (
				3299ACF324A58E3B003FB104 /* ViewController_CH2_Practice.h */,
				3299ACF424A58E3B003FB104 /* ViewController_CH2_Practice.m */,
			);
			path = "2-练习：画一个正方形并贴图";
			sourceTree = "<group>";
		};
		3299ACF624A5AD0A003FB104 /* 3-1 */ = {
			isa = PBXGroup;
			children = (
				3225CB9524A0EFFC00FB2018 /* ViewController_CH3_1.h */,
				3225CB9624A0EFFC00FB2018 /* ViewController_CH3_1.m */,
			);
			path = "3-1";
			sourceTree = "<group>";
		};
		3299ACF724A5AD23003FB104 /* 3-2 */ = {
			isa = PBXGroup;
			children = (
				3299ACF824A5B796003FB104 /* AGLKTextureLoader.h */,
				3299ACF924A5B796003FB104 /* AGLKTextureLoader.m */,
				3299ACFB24A63AF4003FB104 /* ViewController_CH3_2.h */,
				3299ACFC24A63AF4003FB104 /* ViewController_CH3_2.m */,
			);
			path = "3-2";
			sourceTree = "<group>";
		};
		32A78DE724A306F6008D937C /* 2-1 */ = {
			isa = PBXGroup;
			children = (
				32061624249DCCDD0047B17D /* ViewController_CH2_1.h */,
				32061625249DCCDD0047B17D /* ViewController_CH2_1.m */,
			);
			path = "2-1";
			sourceTree = "<group>";
		};
		32A78DE824A30704008D937C /* 2-3 */ = {
			isa = PBXGroup;
			children = (
				32A78DE924A30788008D937C /* AGLKContext.h */,
				32A78DEA24A30788008D937C /* AGLKContext.m */,
				324C8F1324A354B6008F9BDD /* AGLKVertexAttribArrayBuffer.h */,
				324C8F1424A354B6008F9BDD /* AGLKVertexAttribArrayBuffer.m */,
				3283CF4224A4B992008BA71B /* ViewController_CH2_3.h */,
				3283CF4324A4B992008BA71B /* ViewController_CH2_3.m */,
			);
			path = "2-3";
			sourceTree = "<group>";
		};
		32BBBB3724A98A75001047D7 /* Chapter7 */ = {
			isa = PBXGroup;
			children = (
			);
			path = Chapter7;
			sourceTree = "<group>";
		};
		32BBBB3824A98A8D001047D7 /* Chapter6 */ = {
			isa = PBXGroup;
			children = (
				326B261E24AAC67A000781FB /* ViewController_CH6_1.h */,
				326B261F24AAC67A000781FB /* ViewController_CH6_1.m */,
				326B262124AAC786000781FB /* SceneCar.h */,
				326B262224AAC786000781FB /* SceneCar.m */,
				326B262A24AAC8C0000781FB /* SceneMesh.h */,
				326B262B24AAC8C0000781FB /* SceneMesh.m */,
				326B262724AAC7F8000781FB /* SceneModel.h */,
				326B262824AAC7F8000781FB /* SceneModel.m */,
			);
			path = Chapter6;
			sourceTree = "<group>";
		};
		32BBBB3924A98A93001047D7 /* Chapter5 */ = {
			isa = PBXGroup;
			children = (
				32BBBB4124A99D7F001047D7 /* 5-4 */,
				32BBBB4024A99898001047D7 /* 5-1 &  5-2 */,
			);
			path = Chapter5;
			sourceTree = "<group>";
		};
		32BBBB4024A99898001047D7 /* 5-1 &  5-2 */ = {
			isa = PBXGroup;
			children = (
				32BBBB3D24A98AC9001047D7 /* Earth512x256.jpg */,
				32BBBB3F24A98AD2001047D7 /* sphere.h */,
				32BBBB3A24A98AC2001047D7 /* ViewController_CH5_1.h */,
				32BBBB3B24A98AC2001047D7 /* ViewController_CH5_1.m */,
			);
			path = "5-1 &  5-2";
			sourceTree = "<group>";
		};
		32BBBB4124A99D7F001047D7 /* 5-4 */ = {
			isa = PBXGroup;
			children = (
				32BBBB4524A99ED5001047D7 /* lowPolyAxesAndModels2.h */,
				32BBBB4224A99EBE001047D7 /* ViewController_CH5_4.h */,
				32BBBB4324A99EBF001047D7 /* ViewController_CH5_4.m */,
			);
			path = "5-4";
			sourceTree = "<group>";
		};
/* End PBXGroup section */

/* Begin PBXNativeTarget section */
		32061607249DCC5B0047B17D /* Learning-OpenGLES */ = {
			isa = PBXNativeTarget;
			buildConfigurationList = 32061621249DCC600047B17D /* Build configuration list for PBXNativeTarget "Learning-OpenGLES" */;
			buildPhases = (
				32061604249DCC5B0047B17D /* Sources */,
				32061605249DCC5B0047B17D /* Frameworks */,
				32061606249DCC5B0047B17D /* Resources */,
			);
			buildRules = (
			);
			dependencies = (
			);
			name = "Learning-OpenGLES";
			productName = "Learning-OpenGLES";
			productReference = 32061608249DCC5B0047B17D /* Learning-OpenGLES.app */;
			productType = "com.apple.product-type.application";
		};
/* End PBXNativeTarget section */

/* Begin PBXProject section */
		32061600249DCC5B0047B17D /* Project object */ = {
			isa = PBXProject;
			attributes = {
				LastUpgradeCheck = 1150;
				ORGANIZATIONNAME = JJC;
				TargetAttributes = {
					32061607249DCC5B0047B17D = {
						CreatedOnToolsVersion = 11.5;
					};
				};
			};
			buildConfigurationList = 32061603249DCC5B0047B17D /* Build configuration list for PBXProject "Learning-OpenGLES" */;
			compatibilityVersion = "Xcode 9.3";
			developmentRegion = en;
			hasScannedForEncodings = 0;
			knownRegions = (
				en,
				Base,
			);
			mainGroup = 320615FF249DCC5B0047B17D;
			productRefGroup = 32061609249DCC5B0047B17D /* Products */;
			projectDirPath = "";
			projectRoot = "";
			targets = (
				32061607249DCC5B0047B17D /* Learning-OpenGLES */,
			);
		};
/* End PBXProject section */

/* Begin PBXResourcesBuildPhase section */
		32061606249DCC5B0047B17D /* Resources */ = {
			isa = PBXResourcesBuildPhase;
			buildActionMask = 2147483647;
			files = (
				3206161B249DCC600047B17D /* LaunchScreen.storyboard in Resources */,
				3225CB9924A0F27900FB2018 /* img1-1.png in Resources */,
				32061618249DCC600047B17D /* Assets.xcassets in Resources */,
				32BBBB3E24A98AC9001047D7 /* Earth512x256.jpg in Resources */,
				32061616249DCC5B0047B17D /* Main.storyboard in Resources */,
			);
			runOnlyForDeploymentPostprocessing = 0;
		};
/* End PBXResourcesBuildPhase section */

/* Begin PBXSourcesBuildPhase section */
		32061604249DCC5B0047B17D /* Sources */ = {
			isa = PBXSourcesBuildPhase;
			buildActionMask = 2147483647;
			files = (
				3299ACF524A58E3B003FB104 /* ViewController_CH2_Practice.m in Sources */,
				3299ACFA24A5B796003FB104 /* AGLKTextureLoader.m in Sources */,
				3299ACFD24A63AF4003FB104 /* ViewController_CH3_2.m in Sources */,
				32061626249DCCDD0047B17D /* ViewController_CH2_1.m in Sources */,
				32061613249DCC5B0047B17D /* ViewController.m in Sources */,
				324C8F1524A354B6008F9BDD /* AGLKVertexAttribArrayBuffer.m in Sources */,
				32A78DEB24A30788008D937C /* AGLKContext.m in Sources */,
				328D41BE24A74C3400240396 /* ViewController_CH3_3.m in Sources */,
				3206160D249DCC5B0047B17D /* AppDelegate.m in Sources */,
				32BBBB4424A99EBF001047D7 /* ViewController_CH5_4.m in Sources */,
				326B262924AAC7F8000781FB /* SceneModel.m in Sources */,
				327DD1E724AB7F3300486529 /* ViewController_GLSL.m in Sources */,
				32061636249DD5680047B17D /* GLKViewController+BtnBack.m in Sources */,
				3225CB9724A0EFFC00FB2018 /* ViewController_CH3_1.m in Sources */,
				3206161E249DCC600047B17D /* main.m in Sources */,
				326B262C24AAC8C0000781FB /* SceneMesh.m in Sources */,
				3283CF4424A4B992008BA71B /* ViewController_CH2_3.m in Sources */,
				326B262024AAC67A000781FB /* ViewController_CH6_1.m in Sources */,
				328D41C524A7624A00240396 /* ViewController_CH4_1.m in Sources */,
				326B262324AAC786000781FB /* SceneCar.m in Sources */,
				32061610249DCC5B0047B17D /* SceneDelegate.m in Sources */,
				32BBBB3C24A98AC2001047D7 /* ViewController_CH5_1.m in Sources */,
			);
			runOnlyForDeploymentPostprocessing = 0;
		};
/* End PBXSourcesBuildPhase section */

/* Begin PBXVariantGroup section */
		32061614249DCC5B0047B17D /* Main.storyboard */ = {
			isa = PBXVariantGroup;
			children = (
				32061615249DCC5B0047B17D /* Base */,
			);
			name = Main.storyboard;
			sourceTree = "<group>";
		};
		32061619249DCC600047B17D /* LaunchScreen.storyboard */ = {
			isa = PBXVariantGroup;
			children = (
				3206161A249DCC600047B17D /* Base */,
			);
			name = LaunchScreen.storyboard;
			sourceTree = "<group>";
		};
/* End PBXVariantGroup section */

/* Begin XCBuildConfiguration section */
		3206161F249DCC600047B17D /* Debug */ = {
			isa = XCBuildConfiguration;
			buildSettings = {
				ALWAYS_SEARCH_USER_PATHS = NO;
				CLANG_ANALYZER_NONNULL = YES;
				CLANG_ANALYZER_NUMBER_OBJECT_CONVERSION = YES_AGGRESSIVE;
				CLANG_CXX_LANGUAGE_STANDARD = "gnu++14";
				CLANG_CXX_LIBRARY = "libc++";
				CLANG_ENABLE_MODULES = YES;
				CLANG_ENABLE_OBJC_ARC = YES;
				CLANG_ENABLE_OBJC_WEAK = YES;
				CLANG_WARN_BLOCK_CAPTURE_AUTORELEASING = YES;
				CLANG_WARN_BOOL_CONVERSION = YES;
				CLANG_WARN_COMMA = YES;
				CLANG_WARN_CONSTANT_CONVERSION = YES;
				CLANG_WARN_DEPRECATED_OBJC_IMPLEMENTATIONS = YES;
				CLANG_WARN_DIRECT_OBJC_ISA_USAGE = YES_ERROR;
				CLANG_WARN_DOCUMENTATION_COMMENTS = YES;
				CLANG_WARN_EMPTY_BODY = YES;
				CLANG_WARN_ENUM_CONVERSION = YES;
				CLANG_WARN_INFINITE_RECURSION = YES;
				CLANG_WARN_INT_CONVERSION = YES;
				CLANG_WARN_NON_LITERAL_NULL_CONVERSION = YES;
				CLANG_WARN_OBJC_IMPLICIT_RETAIN_SELF = YES;
				CLANG_WARN_OBJC_LITERAL_CONVERSION = YES;
				CLANG_WARN_OBJC_ROOT_CLASS = YES_ERROR;
				CLANG_WARN_RANGE_LOOP_ANALYSIS = YES;
				CLANG_WARN_STRICT_PROTOTYPES = YES;
				CLANG_WARN_SUSPICIOUS_MOVE = YES;
				CLANG_WARN_UNGUARDED_AVAILABILITY = YES_AGGRESSIVE;
				CLANG_WARN_UNREACHABLE_CODE = YES;
				CLANG_WARN__DUPLICATE_METHOD_MATCH = YES;
				COPY_PHASE_STRIP = NO;
				DEBUG_INFORMATION_FORMAT = dwarf;
				ENABLE_STRICT_OBJC_MSGSEND = YES;
				ENABLE_TESTABILITY = YES;
				GCC_C_LANGUAGE_STANDARD = gnu11;
				GCC_DYNAMIC_NO_PIC = NO;
				GCC_NO_COMMON_BLOCKS = YES;
				GCC_OPTIMIZATION_LEVEL = 0;
				GCC_PREPROCESSOR_DEFINITIONS = (
					"DEBUG=1",
					"$(inherited)",
				);
				GCC_WARN_64_TO_32_BIT_CONVERSION = YES;
				GCC_WARN_ABOUT_RETURN_TYPE = YES_ERROR;
				GCC_WARN_UNDECLARED_SELECTOR = YES;
				GCC_WARN_UNINITIALIZED_AUTOS = YES_AGGRESSIVE;
				GCC_WARN_UNUSED_FUNCTION = YES;
				GCC_WARN_UNUSED_VARIABLE = YES;
				IPHONEOS_DEPLOYMENT_TARGET = 13.5;
				MTL_ENABLE_DEBUG_INFO = INCLUDE_SOURCE;
				MTL_FAST_MATH = YES;
				ONLY_ACTIVE_ARCH = YES;
				SDKROOT = iphoneos;
			};
			name = Debug;
		};
		32061620249DCC600047B17D /* Release */ = {
			isa = XCBuildConfiguration;
			buildSettings = {
				ALWAYS_SEARCH_USER_PATHS = NO;
				CLANG_ANALYZER_NONNULL = YES;
				CLANG_ANALYZER_NUMBER_OBJECT_CONVERSION = YES_AGGRESSIVE;
				CLANG_CXX_LANGUAGE_STANDARD = "gnu++14";
				CLANG_CXX_LIBRARY = "libc++";
				CLANG_ENABLE_MODULES = YES;
				CLANG_ENABLE_OBJC_ARC = YES;
				CLANG_ENABLE_OBJC_WEAK = YES;
				CLANG_WARN_BLOCK_CAPTURE_AUTORELEASING = YES;
				CLANG_WARN_BOOL_CONVERSION = YES;
				CLANG_WARN_COMMA = YES;
				CLANG_WARN_CONSTANT_CONVERSION = YES;
				CLANG_WARN_DEPRECATED_OBJC_IMPLEMENTATIONS = YES;
				CLANG_WARN_DIRECT_OBJC_ISA_USAGE = YES_ERROR;
				CLANG_WARN_DOCUMENTATION_COMMENTS = YES;
				CLANG_WARN_EMPTY_BODY = YES;
				CLANG_WARN_ENUM_CONVERSION = YES;
				CLANG_WARN_INFINITE_RECURSION = YES;
				CLANG_WARN_INT_CONVERSION = YES;
				CLANG_WARN_NON_LITERAL_NULL_CONVERSION = YES;
				CLANG_WARN_OBJC_IMPLICIT_RETAIN_SELF = YES;
				CLANG_WARN_OBJC_LITERAL_CONVERSION = YES;
				CLANG_WARN_OBJC_ROOT_CLASS = YES_ERROR;
				CLANG_WARN_RANGE_LOOP_ANALYSIS = YES;
				CLANG_WARN_STRICT_PROTOTYPES = YES;
				CLANG_WARN_SUSPICIOUS_MOVE = YES;
				CLANG_WARN_UNGUARDED_AVAILABILITY = YES_AGGRESSIVE;
				CLANG_WARN_UNREACHABLE_CODE = YES;
				CLANG_WARN__DUPLICATE_METHOD_MATCH = YES;
				COPY_PHASE_STRIP = NO;
				DEBUG_INFORMATION_FORMAT = "dwarf-with-dsym";
				ENABLE_NS_ASSERTIONS = NO;
				ENABLE_STRICT_OBJC_MSGSEND = YES;
				GCC_C_LANGUAGE_STANDARD = gnu11;
				GCC_NO_COMMON_BLOCKS = YES;
				GCC_WARN_64_TO_32_BIT_CONVERSION = YES;
				GCC_WARN_ABOUT_RETURN_TYPE = YES_ERROR;
				GCC_WARN_UNDECLARED_SELECTOR = YES;
				GCC_WARN_UNINITIALIZED_AUTOS = YES_AGGRESSIVE;
				GCC_WARN_UNUSED_FUNCTION = YES;
				GCC_WARN_UNUSED_VARIABLE = YES;
				IPHONEOS_DEPLOYMENT_TARGET = 13.5;
				MTL_ENABLE_DEBUG_INFO = NO;
				MTL_FAST_MATH = YES;
				SDKROOT = iphoneos;
				VALIDATE_PRODUCT = YES;
			};
			name = Release;
		};
		32061622249DCC600047B17D /* Debug */ = {
			isa = XCBuildConfiguration;
			buildSettings = {
				ASSETCATALOG_COMPILER_APPICON_NAME = AppIcon;
				CODE_SIGN_STYLE = Automatic;
				DEVELOPMENT_TEAM = ANTGV8UZTJ;
				INFOPLIST_FILE = "Learning-OpenGLES/Info.plist";
				IPHONEOS_DEPLOYMENT_TARGET = 11.4;
				LD_RUNPATH_SEARCH_PATHS = (
					"$(inherited)",
					"@executable_path/Frameworks",
				);
				PRODUCT_BUNDLE_IDENTIFIER = "bjut.Learning-OpenGLES";
				PRODUCT_NAME = "$(TARGET_NAME)";
				TARGETED_DEVICE_FAMILY = "1,2";
			};
			name = Debug;
		};
		32061623249DCC600047B17D /* Release */ = {
			isa = XCBuildConfiguration;
			buildSettings = {
				ASSETCATALOG_COMPILER_APPICON_NAME = AppIcon;
				CODE_SIGN_STYLE = Automatic;
				DEVELOPMENT_TEAM = ANTGV8UZTJ;
				INFOPLIST_FILE = "Learning-OpenGLES/Info.plist";
				IPHONEOS_DEPLOYMENT_TARGET = 11.4;
				LD_RUNPATH_SEARCH_PATHS = (
					"$(inherited)",
					"@executable_path/Frameworks",
				);
				PRODUCT_BUNDLE_IDENTIFIER = "bjut.Learning-OpenGLES";
				PRODUCT_NAME = "$(TARGET_NAME)";
				TARGETED_DEVICE_FAMILY = "1,2";
			};
			name = Release;
		};
/* End XCBuildConfiguration section */

/* Begin XCConfigurationList section */
		32061603249DCC5B0047B17D /* Build configuration list for PBXProject "Learning-OpenGLES" */ = {
			isa = XCConfigurationList;
			buildConfigurations = (
				3206161F249DCC600047B17D /* Debug */,
				32061620249DCC600047B17D /* Release */,
			);
			defaultConfigurationIsVisible = 0;
			defaultConfigurationName = Release;
		};
		32061621249DCC600047B17D /* Build configuration list for PBXNativeTarget "Learning-OpenGLES" */ = {
			isa = XCConfigurationList;
			buildConfigurations = (
				32061622249DCC600047B17D /* Debug */,
				32061623249DCC600047B17D /* Release */,
			);
			defaultConfigurationIsVisible = 0;
			defaultConfigurationName = Release;
		};
/* End XCConfigurationList section */
	};
	rootObject = 32061600249DCC5B0047B17D /* Project object */;
}
